
Microsoft Visual Studio Solution File, Format Version 12.00
Project("{2150E333-8FDC-42A3-9474-1A3956D46DE8}") = "Src", "Src", "{DE4C38BA-1E42-4010-950D-9E72FDD8A003}"
EndProject
Project("{2150E333-8FDC-42A3-9474-1A3956D46DE8}") = "Test", "Test", "{5315DF73-4054-4649-B1A9-BBEDCBB5C0AE}"
EndProject
Project("{2150E333-8FDC-42A3-9474-1A3956D46DE8}") = "Core", "Core", "{48B27427-0569-4EA6-A5FE-3818883E4E93}"
EndProject
Project("{FAE04EC0-301F-11D3-BF4B-00C04F79EFBC}") = "OnlineShop.Entities", "Src\Core\OnlineShop.Entities\OnlineShop.Entities.csproj", "{17DD6F09-0CA7-47CE-BD3A-31E158A5FCC0}"
EndProject
Project("{FAE04EC0-301F-11D3-BF4B-00C04F79EFBC}") = "OnlineShop.UseCases", "Src\Core\OnlineShop.UseCases\OnlineShop.UseCases.csproj", "{500DBBE3-FBF3-4B13-8DEE-603695F93A70}"
EndProject
Project("{2150E333-8FDC-42A3-9474-1A3956D46DE8}") = "Api", "Api", "{FB7D2940-6F63-4B4A-B48D-283DF55F73FE}"
EndProject
Project("{FAE04EC0-301F-11D3-BF4B-00C04F79EFBC}") = "OnlineShop.RestApi", "Src\Api\OnlineShop.RestApi\OnlineShop.RestApi.csproj", "{FA9DA24B-2EB7-4615-B4DC-42146C9AAC11}"
EndProject
Project("{2150E333-8FDC-42A3-9474-1A3956D46DE8}") = "Migration", "Migration", "{DCCA7B9A-6575-4445-AE1C-EB539C354E20}"
EndProject
Project("{FAE04EC0-301F-11D3-BF4B-00C04F79EFBC}") = "OnlineShop.Migrations", "Src\Migration\OnlineShop.Migrations\OnlineShop.Migrations.csproj", "{CF7E9BB9-B46B-4EBD-A795-B6204DF08C86}"
EndProject
Project("{2150E333-8FDC-42A3-9474-1A3956D46DE8}") = "Infrastructure.Data", "Infrastructure.Data", "{3D222DDC-FCFF-400E-B015-499A4942B3E9}"
EndProject
Project("{FAE04EC0-301F-11D3-BF4B-00C04F79EFBC}") = "OnlineShop.Infrastructure.Data", "Src\Infrastructure.Data\OnlineShop.Infrastructure.Data\OnlineShop.Infrastructure.Data.csproj", "{1F8E0826-D1FA-40CC-9AF0-E9BB8209D10C}"
EndProject
Project("{FAE04EC0-301F-11D3-BF4B-00C04F79EFBC}") = "OnlineShop.Infrastructure.ReadableData", "Src\Infrastructure.Data\OnlineShop.Infrastructure.ReadableData\OnlineShop.Infrastructure.ReadableData.csproj", "{93EA926B-0BC0-47E3-8AD9-FB2349399BC6}"
EndProject
Project("{FAE04EC0-301F-11D3-BF4B-00C04F79EFBC}") = "OnlineShop.Infrastructure.WritableData", "Src\Infrastructure.Data\OnlineShop.Infrastructure.WritableData\OnlineShop.Infrastructure.WritableData.csproj", "{21613577-BB50-444D-A35B-906DEB536A8D}"
EndProject
Project("{FAE04EC0-301F-11D3-BF4B-00C04F79EFBC}") = "OnlineShop.UnitTests", "Test\OnlineShop.UnitTests\OnlineShop.UnitTests.csproj", "{D790EA9A-A421-41B1-85E9-7D64655BE7F8}"
EndProject
Project("{FAE04EC0-301F-11D3-BF4B-00C04F79EFBC}") = "OnlineShop.SpecTests", "Test\OnlineShop.SpecTests\OnlineShop.SpecTests.csproj", "{4466DE15-8A82-4C1F-BA6B-E9E3FC073214}"
EndProject
Project("{FAE04EC0-301F-11D3-BF4B-00C04F79EFBC}") = "OnlineShop.ReadableDataMigrations", "Src\Migration\OnlineShop.ReadableDataMigrations\OnlineShop.ReadableDataMigrations.csproj", "{BAD7CCCE-FC1C-41C1-9255-08CF80D756DA}"
EndProject
Project("{FAE04EC0-301F-11D3-BF4B-00C04F79EFBC}") = "OnlineShop.TestTools", "Test\OnlineShop.TestTools\OnlineShop.TestTools.csproj", "{F92DAE3F-C37A-47B6-8BD3-4BB293CD4695}"
EndProject
Global
	GlobalSection(SolutionConfigurationPlatforms) = preSolution
		Debug|Any CPU = Debug|Any CPU
		Release|Any CPU = Release|Any CPU
	EndGlobalSection
	GlobalSection(NestedProjects) = preSolution
		{48B27427-0569-4EA6-A5FE-3818883E4E93} = {DE4C38BA-1E42-4010-950D-9E72FDD8A003}
		{17DD6F09-0CA7-47CE-BD3A-31E158A5FCC0} = {48B27427-0569-4EA6-A5FE-3818883E4E93}
		{500DBBE3-FBF3-4B13-8DEE-603695F93A70} = {48B27427-0569-4EA6-A5FE-3818883E4E93}
		{FB7D2940-6F63-4B4A-B48D-283DF55F73FE} = {DE4C38BA-1E42-4010-950D-9E72FDD8A003}
		{FA9DA24B-2EB7-4615-B4DC-42146C9AAC11} = {FB7D2940-6F63-4B4A-B48D-283DF55F73FE}
		{DCCA7B9A-6575-4445-AE1C-EB539C354E20} = {DE4C38BA-1E42-4010-950D-9E72FDD8A003}
		{CF7E9BB9-B46B-4EBD-A795-B6204DF08C86} = {DCCA7B9A-6575-4445-AE1C-EB539C354E20}
		{3D222DDC-FCFF-400E-B015-499A4942B3E9} = {DE4C38BA-1E42-4010-950D-9E72FDD8A003}
		{1F8E0826-D1FA-40CC-9AF0-E9BB8209D10C} = {3D222DDC-FCFF-400E-B015-499A4942B3E9}
		{93EA926B-0BC0-47E3-8AD9-FB2349399BC6} = {3D222DDC-FCFF-400E-B015-499A4942B3E9}
		{21613577-BB50-444D-A35B-906DEB536A8D} = {3D222DDC-FCFF-400E-B015-499A4942B3E9}
		{D790EA9A-A421-41B1-85E9-7D64655BE7F8} = {5315DF73-4054-4649-B1A9-BBEDCBB5C0AE}
		{4466DE15-8A82-4C1F-BA6B-E9E3FC073214} = {5315DF73-4054-4649-B1A9-BBEDCBB5C0AE}
		{BAD7CCCE-FC1C-41C1-9255-08CF80D756DA} = {DCCA7B9A-6575-4445-AE1C-EB539C354E20}
		{F92DAE3F-C37A-47B6-8BD3-4BB293CD4695} = {5315DF73-4054-4649-B1A9-BBEDCBB5C0AE}
	EndGlobalSection
	GlobalSection(ProjectConfigurationPlatforms) = postSolution
		{17DD6F09-0CA7-47CE-BD3A-31E158A5FCC0}.Debug|Any CPU.ActiveCfg = Debug|Any CPU
		{17DD6F09-0CA7-47CE-BD3A-31E158A5FCC0}.Debug|Any CPU.Build.0 = Debug|Any CPU
		{17DD6F09-0CA7-47CE-BD3A-31E158A5FCC0}.Release|Any CPU.ActiveCfg = Release|Any CPU
		{17DD6F09-0CA7-47CE-BD3A-31E158A5FCC0}.Release|Any CPU.Build.0 = Release|Any CPU
		{500DBBE3-FBF3-4B13-8DEE-603695F93A70}.Debug|Any CPU.ActiveCfg = Debug|Any CPU
		{500DBBE3-FBF3-4B13-8DEE-603695F93A70}.Debug|Any CPU.Build.0 = Debug|Any CPU
		{500DBBE3-FBF3-4B13-8DEE-603695F93A70}.Release|Any CPU.ActiveCfg = Release|Any CPU
		{500DBBE3-FBF3-4B13-8DEE-603695F93A70}.Release|Any CPU.Build.0 = Release|Any CPU
		{FA9DA24B-2EB7-4615-B4DC-42146C9AAC11}.Debug|Any CPU.ActiveCfg = Debug|Any CPU
		{FA9DA24B-2EB7-4615-B4DC-42146C9AAC11}.Debug|Any CPU.Build.0 = Debug|Any CPU
		{FA9DA24B-2EB7-4615-B4DC-42146C9AAC11}.Release|Any CPU.ActiveCfg = Release|Any CPU
		{FA9DA24B-2EB7-4615-B4DC-42146C9AAC11}.Release|Any CPU.Build.0 = Release|Any CPU
		{CF7E9BB9-B46B-4EBD-A795-B6204DF08C86}.Debug|Any CPU.ActiveCfg = Debug|Any CPU
		{CF7E9BB9-B46B-4EBD-A795-B6204DF08C86}.Debug|Any CPU.Build.0 = Debug|Any CPU
		{CF7E9BB9-B46B-4EBD-A795-B6204DF08C86}.Release|Any CPU.ActiveCfg = Release|Any CPU
		{CF7E9BB9-B46B-4EBD-A795-B6204DF08C86}.Release|Any CPU.Build.0 = Release|Any CPU
		{1F8E0826-D1FA-40CC-9AF0-E9BB8209D10C}.Debug|Any CPU.ActiveCfg = Debug|Any CPU
		{1F8E0826-D1FA-40CC-9AF0-E9BB8209D10C}.Debug|Any CPU.Build.0 = Debug|Any CPU
		{1F8E0826-D1FA-40CC-9AF0-E9BB8209D10C}.Release|Any CPU.ActiveCfg = Release|Any CPU
		{1F8E0826-D1FA-40CC-9AF0-E9BB8209D10C}.Release|Any CPU.Build.0 = Release|Any CPU
		{93EA926B-0BC0-47E3-8AD9-FB2349399BC6}.Debug|Any CPU.ActiveCfg = Debug|Any CPU
		{93EA926B-0BC0-47E3-8AD9-FB2349399BC6}.Debug|Any CPU.Build.0 = Debug|Any CPU
		{93EA926B-0BC0-47E3-8AD9-FB2349399BC6}.Release|Any CPU.ActiveCfg = Release|Any CPU
		{93EA926B-0BC0-47E3-8AD9-FB2349399BC6}.Release|Any CPU.Build.0 = Release|Any CPU
		{21613577-BB50-444D-A35B-906DEB536A8D}.Debug|Any CPU.ActiveCfg = Debug|Any CPU
		{21613577-BB50-444D-A35B-906DEB536A8D}.Debug|Any CPU.Build.0 = Debug|Any CPU
		{21613577-BB50-444D-A35B-906DEB536A8D}.Release|Any CPU.ActiveCfg = Release|Any CPU
		{21613577-BB50-444D-A35B-906DEB536A8D}.Release|Any CPU.Build.0 = Release|Any CPU
		{D790EA9A-A421-41B1-85E9-7D64655BE7F8}.Debug|Any CPU.ActiveCfg = Debug|Any CPU
		{D790EA9A-A421-41B1-85E9-7D64655BE7F8}.Debug|Any CPU.Build.0 = Debug|Any CPU
		{D790EA9A-A421-41B1-85E9-7D64655BE7F8}.Release|Any CPU.ActiveCfg = Release|Any CPU
		{D790EA9A-A421-41B1-85E9-7D64655BE7F8}.Release|Any CPU.Build.0 = Release|Any CPU
		{4466DE15-8A82-4C1F-BA6B-E9E3FC073214}.Debug|Any CPU.ActiveCfg = Debug|Any CPU
		{4466DE15-8A82-4C1F-BA6B-E9E3FC073214}.Debug|Any CPU.Build.0 = Debug|Any CPU
		{4466DE15-8A82-4C1F-BA6B-E9E3FC073214}.Release|Any CPU.ActiveCfg = Release|Any CPU
		{4466DE15-8A82-4C1F-BA6B-E9E3FC073214}.Release|Any CPU.Build.0 = Release|Any CPU
		{BAD7CCCE-FC1C-41C1-9255-08CF80D756DA}.Debug|Any CPU.ActiveCfg = Debug|Any CPU
		{BAD7CCCE-FC1C-41C1-9255-08CF80D756DA}.Debug|Any CPU.Build.0 = Debug|Any CPU
		{BAD7CCCE-FC1C-41C1-9255-08CF80D756DA}.Release|Any CPU.ActiveCfg = Release|Any CPU
		{BAD7CCCE-FC1C-41C1-9255-08CF80D756DA}.Release|Any CPU.Build.0 = Release|Any CPU
		{F92DAE3F-C37A-47B6-8BD3-4BB293CD4695}.Debug|Any CPU.ActiveCfg = Debug|Any CPU
		{F92DAE3F-C37A-47B6-8BD3-4BB293CD4695}.Debug|Any CPU.Build.0 = Debug|Any CPU
		{F92DAE3F-C37A-47B6-8BD3-4BB293CD4695}.Release|Any CPU.ActiveCfg = Release|Any CPU
		{F92DAE3F-C37A-47B6-8BD3-4BB293CD4695}.Release|Any CPU.Build.0 = Release|Any CPU
	EndGlobalSection
EndGlobal
